
Microsoft Visual Studio Solution File, Format Version 12.00
# Visual Studio Version 17
VisualStudioVersion = 17.14.36121.58 d17.14
MinimumVisualStudioVersion = 10.0.40219.1
Project("{FAE04EC0-301F-11D3-BF4B-00C04F79EFBC}") = "Shopping_Tutorial", "Shopping_Tutorial.csproj", "{57363B08-35DB-2A11-474C-0163D79E223E}"
EndProject
Global
	GlobalSection(SolutionConfigurationPlatforms) = preSolution
		Debug|Any CPU = Debug|Any CPU
		Release|Any CPU = Release|Any CPU
	EndGlobalSection
	GlobalSection(ProjectConfigurationPlatforms) = postSolution
		{57363B08-35DB-2A11-474C-0163D79E223E}.Debug|Any CPU.ActiveCfg = Debug|Any CPU
		{57363B08-35DB-2A11-474C-0163D79E223E}.Debug|Any CPU.Build.0 = Debug|Any CPU
		{57363B08-35DB-2A11-474C-0163D79E223E}.Release|Any CPU.ActiveCfg = Release|Any CPU
		{57363B08-35DB-2A11-474C-0163D79E223E}.Release|Any CPU.Build.0 = Release|Any CPU
	EndGlobalSection
	GlobalSection(SolutionProperties) = preSolution
		HideSolutionNode = FALSE
	EndGlobalSection
	GlobalSection(ExtensibilityGlobals) = postSolution
		SolutionGuid = {64FE5689-5CC1-4B95-8094-E866280FBDC6}
	EndGlobalSection
EndGlobal
